{
  "nodes": {
    "nixGL": {
      "inputs": {
        "nixpkgs": [
          "nixpkgs"
        ]
      },
      "locked": {
        "lastModified": 1656321324,
        "narHash": "sha256-Sz0uWspqvshGFbT+XmRVVayuW514rNNLLvrre8jBLLU=",
        "owner": "guibou",
        "repo": "nixGL",
        "rev": "047a34b2f087e2e3f93d43df8e67ada40bf70e5c",
        "type": "github"
      },
      "original": {
        "owner": "guibou",
        "repo": "nixGL",
        "rev": "047a34b2f087e2e3f93d43df8e67ada40bf70e5c",
        "type": "github"
      }
    },
    "nixpkgs": {
      "locked": {
        "lastModified": 1659891956,
        "narHash": "sha256-ymyDKkXQs5Z9+ezMutHmnDqztYmDTFZEsFuaPeBzkMI=",
        "owner": "NixOS",
        "repo": "nixpkgs",
        "rev": "00d73d5385b63e868bd11282fb775f6fe4921fb5",
        "type": "github"
      },
      "original": {
        "owner": "NixOS",
        "repo": "nixpkgs",
        "rev": "00d73d5385b63e868bd11282fb775f6fe4921fb5",
        "type": "github"
      }
    },
    "root": {
      "inputs": {
        "nixGL": "nixGL",
        "nixpkgs": "nixpkgs"
      }
    }
  },
  "root": "root",
  "version": 7
}
