{
  "nodes": {
    "nixpkgs": {
      "locked": {
        "lastModified": 1679011989,
        "narHash": "sha256-TTyzL8k0ZY2otX8xcvi+GAbFD3dpFVg5UJkgmpJBuuA=",
        "owner": "NixOS",
        "repo": "nixpkgs",
        "rev": "aae97499619fdf720c9524168d831cae04ceae5a",
        "type": "github"
      },
      "original": {
        "owner": "NixOS",
        "repo": "nixpkgs",
        "rev": "aae97499619fdf720c9524168d831cae04ceae5a",
        "type": "github"
      }
    },
    "root": {
      "inputs": {
        "nixpkgs": "nixpkgs"
      }
    }
  },
  "root": "root",
  "version": 7
}
