{
  "nodes": {
    "nixpkgs": {
      "locked": {
        "lastModified": 1721952842,
        "narHash": "sha256-B6Fm/e+2Iq1LB0ITtdaVS/lxkckCwPNpgBuduuv1HzY=",
        "owner": "NixOS",
        "repo": "nixpkgs",
        "rev": "574f1a6205e63e9870c6e6132c393f9082d58d2a",
        "type": "github"
      },
      "original": {
        "owner": "NixOS",
        "repo": "nixpkgs",
        "rev": "574f1a6205e63e9870c6e6132c393f9082d58d2a",
        "type": "github"
      }
    },
    "root": {
      "inputs": {
        "nixpkgs": "nixpkgs"
      }
    }
  },
  "root": "root",
  "version": 7
}
